
Microsoft Visual Studio Solution File, Format Version 12.00
# Visual Studio Version 16
VisualStudioVersion = 16.0.29709.97
MinimumVisualStudioVersion = 10.0.40219.1
Project("{9A19103F-16F7-4668-BE54-9A1E7A4F7556}") = "MvcMovie", "MvcMovie.csproj", "{BBE9F091-01A4-4045-9954-E69CBFF7FA8E}"
EndProject
Global
	GlobalSection(SolutionConfigurationPlatforms) = preSolution
		Debug|Any CPU = Debug|Any CPU
		Release|Any CPU = Release|Any CPU
	EndGlobalSection
	GlobalSection(ProjectConfigurationPlatforms) = postSolution
		{BBE9F091-01A4-4045-9954-E69CBFF7FA8E}.Debug|Any CPU.ActiveCfg = Debug|Any CPU
		{BBE9F091-01A4-4045-9954-E69CBFF7FA8E}.Debug|Any CPU.Build.0 = Debug|Any CPU
		{BBE9F091-01A4-4045-9954-E69CBFF7FA8E}.Release|Any CPU.ActiveCfg = Release|Any CPU
		{BBE9F091-01A4-4045-9954-E69CBFF7FA8E}.Release|Any CPU.Build.0 = Release|Any CPU
	EndGlobalSection
	GlobalSection(SolutionProperties) = preSolution
		HideSolutionNode = FALSE
	EndGlobalSection
	GlobalSection(ExtensibilityGlobals) = postSolution
		SolutionGuid = {CF218FDC-E4F0-4DAF-9C48-D292159A6CFC}
	EndGlobalSection
EndGlobal
